
Microsoft Visual Studio Solution File, Format Version 12.00
# Visual Studio Version 17
VisualStudioVersion = 17.12.35514.174
MinimumVisualStudioVersion = 10.0.40219.1
Project("{FAE04EC0-301F-11D3-BF4B-00C04F79EFBC}") = "FluentFlyouts", "FluentFlyouts\FluentFlyouts.csproj", "{AC7FC960-0C4D-445E-A4AC-03650BC32884}"
EndProject
Project("{FAE04EC0-301F-11D3-BF4B-00C04F79EFBC}") = "FluentFlyouts.Core", "FluentFlyouts.Core\FluentFlyouts.Core.csproj", "{4E760D93-0E0B-4BD5-BD02-B83E365C775F}"
EndProject
Project("{FAE04EC0-301F-11D3-BF4B-00C04F79EFBC}") = "FluentFlyouts.Core.Tests", "FluentFlyouts.Core.Tests\FluentFlyouts.Core.Tests.csproj", "{92B38FA7-D3CF-47C6-B771-73C3C7F118BB}"
EndProject
Project("{FAE04EC0-301F-11D3-BF4B-00C04F79EFBC}") = "FluentFlyouts.Flyouts", "FluentFlyouts.Flyouts\FluentFlyouts.Flyouts.csproj", "{FEE6B277-BD26-4D3B-A184-23B67E62A3F4}"
EndProject
Project("{FAE04EC0-301F-11D3-BF4B-00C04F79EFBC}") = "CubeKit.UI", "CubeKit.UI\CubeKit.UI.csproj", "{6D3C1EB8-82C7-467B-88F1-CB9522628E0F}"
EndProject
Global
	GlobalSection(SolutionConfigurationPlatforms) = preSolution
		Debug|ARM64 = Debug|ARM64
		Debug|x64 = Debug|x64
		Debug|x86 = Debug|x86
		Release|ARM64 = Release|ARM64
		Release|x64 = Release|x64
		Release|x86 = Release|x86
	EndGlobalSection
	GlobalSection(ProjectConfigurationPlatforms) = postSolution
		{AC7FC960-0C4D-445E-A4AC-03650BC32884}.Debug|ARM64.ActiveCfg = Debug|ARM64
		{AC7FC960-0C4D-445E-A4AC-03650BC32884}.Debug|ARM64.Build.0 = Debug|ARM64
		{AC7FC960-0C4D-445E-A4AC-03650BC32884}.Debug|ARM64.Deploy.0 = Debug|ARM64
		{AC7FC960-0C4D-445E-A4AC-03650BC32884}.Debug|x64.ActiveCfg = Debug|x64
		{AC7FC960-0C4D-445E-A4AC-03650BC32884}.Debug|x64.Build.0 = Debug|x64
		{AC7FC960-0C4D-445E-A4AC-03650BC32884}.Debug|x64.Deploy.0 = Debug|x64
		{AC7FC960-0C4D-445E-A4AC-03650BC32884}.Debug|x86.ActiveCfg = Debug|x86
		{AC7FC960-0C4D-445E-A4AC-03650BC32884}.Debug|x86.Build.0 = Debug|x86
		{AC7FC960-0C4D-445E-A4AC-03650BC32884}.Debug|x86.Deploy.0 = Debug|x86
		{AC7FC960-0C4D-445E-A4AC-03650BC32884}.Release|ARM64.ActiveCfg = Release|ARM64
		{AC7FC960-0C4D-445E-A4AC-03650BC32884}.Release|ARM64.Build.0 = Release|ARM64
		{AC7FC960-0C4D-445E-A4AC-03650BC32884}.Release|ARM64.Deploy.0 = Release|ARM64
		{AC7FC960-0C4D-445E-A4AC-03650BC32884}.Release|x64.ActiveCfg = Release|x64
		{AC7FC960-0C4D-445E-A4AC-03650BC32884}.Release|x64.Build.0 = Release|x64
		{AC7FC960-0C4D-445E-A4AC-03650BC32884}.Release|x64.Deploy.0 = Release|x64
		{AC7FC960-0C4D-445E-A4AC-03650BC32884}.Release|x86.ActiveCfg = Release|x86
		{AC7FC960-0C4D-445E-A4AC-03650BC32884}.Release|x86.Build.0 = Release|x86
		{AC7FC960-0C4D-445E-A4AC-03650BC32884}.Release|x86.Deploy.0 = Release|x86
		{4E760D93-0E0B-4BD5-BD02-B83E365C775F}.Debug|ARM64.ActiveCfg = Debug|Any CPU
		{4E760D93-0E0B-4BD5-BD02-B83E365C775F}.Debug|ARM64.Build.0 = Debug|Any CPU
		{4E760D93-0E0B-4BD5-BD02-B83E365C775F}.Debug|x64.ActiveCfg = Debug|Any CPU
		{4E760D93-0E0B-4BD5-BD02-B83E365C775F}.Debug|x64.Build.0 = Debug|Any CPU
		{4E760D93-0E0B-4BD5-BD02-B83E365C775F}.Debug|x86.ActiveCfg = Debug|Any CPU
		{4E760D93-0E0B-4BD5-BD02-B83E365C775F}.Debug|x86.Build.0 = Debug|Any CPU
		{4E760D93-0E0B-4BD5-BD02-B83E365C775F}.Release|ARM64.ActiveCfg = Release|Any CPU
		{4E760D93-0E0B-4BD5-BD02-B83E365C775F}.Release|ARM64.Build.0 = Release|Any CPU
		{4E760D93-0E0B-4BD5-BD02-B83E365C775F}.Release|x64.ActiveCfg = Release|Any CPU
		{4E760D93-0E0B-4BD5-BD02-B83E365C775F}.Release|x64.Build.0 = Release|Any CPU
		{4E760D93-0E0B-4BD5-BD02-B83E365C775F}.Release|x86.ActiveCfg = Release|Any CPU
		{4E760D93-0E0B-4BD5-BD02-B83E365C775F}.Release|x86.Build.0 = Release|Any CPU
		{92B38FA7-D3CF-47C6-B771-73C3C7F118BB}.Debug|ARM64.ActiveCfg = Debug|Any CPU
		{92B38FA7-D3CF-47C6-B771-73C3C7F118BB}.Debug|ARM64.Build.0 = Debug|Any CPU
		{92B38FA7-D3CF-47C6-B771-73C3C7F118BB}.Debug|x64.ActiveCfg = Debug|Any CPU
		{92B38FA7-D3CF-47C6-B771-73C3C7F118BB}.Debug|x64.Build.0 = Debug|Any CPU
		{92B38FA7-D3CF-47C6-B771-73C3C7F118BB}.Debug|x86.ActiveCfg = Debug|Any CPU
		{92B38FA7-D3CF-47C6-B771-73C3C7F118BB}.Debug|x86.Build.0 = Debug|Any CPU
		{92B38FA7-D3CF-47C6-B771-73C3C7F118BB}.Release|ARM64.ActiveCfg = Release|Any CPU
		{92B38FA7-D3CF-47C6-B771-73C3C7F118BB}.Release|ARM64.Build.0 = Release|Any CPU
		{92B38FA7-D3CF-47C6-B771-73C3C7F118BB}.Release|x64.ActiveCfg = Release|Any CPU
		{92B38FA7-D3CF-47C6-B771-73C3C7F118BB}.Release|x64.Build.0 = Release|Any CPU
		{92B38FA7-D3CF-47C6-B771-73C3C7F118BB}.Release|x86.ActiveCfg = Release|Any CPU
		{92B38FA7-D3CF-47C6-B771-73C3C7F118BB}.Release|x86.Build.0 = Release|Any CPU
		{FEE6B277-BD26-4D3B-A184-23B67E62A3F4}.Debug|ARM64.ActiveCfg = Debug|Any CPU
		{FEE6B277-BD26-4D3B-A184-23B67E62A3F4}.Debug|ARM64.Build.0 = Debug|Any CPU
		{FEE6B277-BD26-4D3B-A184-23B67E62A3F4}.Debug|x64.ActiveCfg = Debug|Any CPU
		{FEE6B277-BD26-4D3B-A184-23B67E62A3F4}.Debug|x64.Build.0 = Debug|Any CPU
		{FEE6B277-BD26-4D3B-A184-23B67E62A3F4}.Debug|x86.ActiveCfg = Debug|Any CPU
		{FEE6B277-BD26-4D3B-A184-23B67E62A3F4}.Debug|x86.Build.0 = Debug|Any CPU
		{FEE6B277-BD26-4D3B-A184-23B67E62A3F4}.Release|ARM64.ActiveCfg = Release|Any CPU
		{FEE6B277-BD26-4D3B-A184-23B67E62A3F4}.Release|ARM64.Build.0 = Release|Any CPU
		{FEE6B277-BD26-4D3B-A184-23B67E62A3F4}.Release|x64.ActiveCfg = Release|Any CPU
		{FEE6B277-BD26-4D3B-A184-23B67E62A3F4}.Release|x64.Build.0 = Release|Any CPU
		{FEE6B277-BD26-4D3B-A184-23B67E62A3F4}.Release|x86.ActiveCfg = Release|Any CPU
		{FEE6B277-BD26-4D3B-A184-23B67E62A3F4}.Release|x86.Build.0 = Release|Any CPU
		{6D3C1EB8-82C7-467B-88F1-CB9522628E0F}.Debug|ARM64.ActiveCfg = Debug|Any CPU
		{6D3C1EB8-82C7-467B-88F1-CB9522628E0F}.Debug|ARM64.Build.0 = Debug|Any CPU
		{6D3C1EB8-82C7-467B-88F1-CB9522628E0F}.Debug|x64.ActiveCfg = Debug|Any CPU
		{6D3C1EB8-82C7-467B-88F1-CB9522628E0F}.Debug|x64.Build.0 = Debug|Any CPU
		{6D3C1EB8-82C7-467B-88F1-CB9522628E0F}.Debug|x86.ActiveCfg = Debug|Any CPU
		{6D3C1EB8-82C7-467B-88F1-CB9522628E0F}.Debug|x86.Build.0 = Debug|Any CPU
		{6D3C1EB8-82C7-467B-88F1-CB9522628E0F}.Release|ARM64.ActiveCfg = Release|Any CPU
		{6D3C1EB8-82C7-467B-88F1-CB9522628E0F}.Release|ARM64.Build.0 = Release|Any CPU
		{6D3C1EB8-82C7-467B-88F1-CB9522628E0F}.Release|x64.ActiveCfg = Release|Any CPU
		{6D3C1EB8-82C7-467B-88F1-CB9522628E0F}.Release|x64.Build.0 = Release|Any CPU
		{6D3C1EB8-82C7-467B-88F1-CB9522628E0F}.Release|x86.ActiveCfg = Release|Any CPU
		{6D3C1EB8-82C7-467B-88F1-CB9522628E0F}.Release|x86.Build.0 = Release|Any CPU
	EndGlobalSection
	GlobalSection(SolutionProperties) = preSolution
		HideSolutionNode = FALSE
	EndGlobalSection
EndGlobal
